// !$*UTF8*$!
{
	archiveVersion = 1;
	classes = {
	};
	objectVersion = 56;
	objects = {

/* Begin PBXBuildFile section */
		26FF4C0629DC86280013585C /* Apple_QiuzApp.swift in Sources */ = {isa = PBXBuildFile; fileRef = 26FF4C0529DC86280013585C /* Apple_QiuzApp.swift */; };
		26FF4C0829DC86280013585C /* ContentView.swift in Sources */ = {isa = PBXBuildFile; fileRef = 26FF4C0729DC86280013585C /* ContentView.swift */; };
		26FF4C0A29DC862A0013585C /* Assets.xcassets in Resources */ = {isa = PBXBuildFile; fileRef = 26FF4C0929DC862A0013585C /* Assets.xcassets */; };
		26FF4C0D29DC862A0013585C /* Preview Assets.xcassets in Resources */ = {isa = PBXBuildFile; fileRef = 26FF4C0C29DC862A0013585C /* Preview Assets.xcassets */; };
		26FF4C1429DC86B10013585C /* QiuzView.swift in Sources */ = {isa = PBXBuildFile; fileRef = 26FF4C1329DC86B10013585C /* QiuzView.swift */; };
		26FF4C1629DC86F40013585C /* Model.swift in Sources */ = {isa = PBXBuildFile; fileRef = 26FF4C1529DC86F40013585C /* Model.swift */; };
		26FF4C1829DC872A0013585C /* FinalView.swift in Sources */ = {isa = PBXBuildFile; fileRef = 26FF4C1729DC872A0013585C /* FinalView.swift */; };
/* End PBXBuildFile section */

/* Begin PBXFileReference section */
		26FF4C0229DC86280013585C /* Apple Qiuz.app */ = {isa = PBXFileReference; explicitFileType = wrapper.application; includeInIndex = 0; path = "Apple Qiuz.app"; sourceTree = BUILT_PRODUCTS_DIR; };
		26FF4C0529DC86280013585C /* Apple_QiuzApp.swift */ = {isa = PBXFileReference; lastKnownFileType = sourcecode.swift; path = Apple_QiuzApp.swift; sourceTree = "<group>"; };
		26FF4C0729DC86280013585C /* ContentView.swift */ = {isa = PBXFileReference; lastKnownFileType = sourcecode.swift; path = ContentView.swift; sourceTree = "<group>"; };
		26FF4C0929DC862A0013585C /* Assets.xcassets */ = {isa = PBXFileReference; lastKnownFileType = folder.assetcatalog; path = Assets.xcassets; sourceTree = "<group>"; };
		26FF4C0C29DC862A0013585C /* Preview Assets.xcassets */ = {isa = PBXFileReference; lastKnownFileType = folder.assetcatalog; path = "Preview Assets.xcassets"; sourceTree = "<group>"; };
		26FF4C1329DC86B10013585C /* QiuzView.swift */ = {isa = PBXFileReference; lastKnownFileType = sourcecode.swift; path = QiuzView.swift; sourceTree = "<group>"; };
		26FF4C1529DC86F40013585C /* Model.swift */ = {isa = PBXFileReference; lastKnownFileType = sourcecode.swift; path = Model.swift; sourceTree = "<group>"; };
		26FF4C1729DC872A0013585C /* FinalView.swift */ = {isa = PBXFileReference; lastKnownFileType = sourcecode.swift; path = FinalView.swift; sourceTree = "<group>"; };
/* End PBXFileReference section */

/* Begin PBXFrameworksBuildPhase section */
		26FF4BFF29DC86280013585C /* Frameworks */ = {
			isa = PBXFrameworksBuildPhase;
			buildActionMask = 2147483647;
			files = (
			);
			runOnlyForDeploymentPostprocessing = 0;
		};
/* End PBXFrameworksBuildPhase section */

/* Begin PBXGroup section */
		26FF4BF929DC86280013585C = {
			isa = PBXGroup;
			children = (
				26FF4C0429DC86280013585C /* Apple Qiuz */,
				26FF4C0329DC86280013585C /* Products */,
			);
			sourceTree = "<group>";
		};
		26FF4C0329DC86280013585C /* Products */ = {
			isa = PBXGroup;
			children = (
				26FF4C0229DC86280013585C /* Apple Qiuz.app */,
			);
			name = Products;
			sourceTree = "<group>";
		};
		26FF4C0429DC86280013585C /* Apple Qiuz */ = {
			isa = PBXGroup;
			children = (
				26FF4C0529DC86280013585C /* Apple_QiuzApp.swift */,
				26FF4C0729DC86280013585C /* ContentView.swift */,
				26FF4C1729DC872A0013585C /* FinalView.swift */,
				26FF4C1329DC86B10013585C /* QiuzView.swift */,
				26FF4C1529DC86F40013585C /* Model.swift */,
				26FF4C0929DC862A0013585C /* Assets.xcassets */,
				26FF4C0B29DC862A0013585C /* Preview Content */,
			);
			path = "Apple Qiuz";
			sourceTree = "<group>";
		};
		26FF4C0B29DC862A0013585C /* Preview Content */ = {
			isa = PBXGroup;
			children = (
				26FF4C0C29DC862A0013585C /* Preview Assets.xcassets */,
			);
			path = "Preview Content";
			sourceTree = "<group>";
		};
/* End PBXGroup section */

/* Begin PBXNativeTarget section */
		26FF4C0129DC86280013585C /* Apple Qiuz */ = {
			isa = PBXNativeTarget;
			buildConfigurationList = 26FF4C1029DC862A0013585C /* Build configuration list for PBXNativeTarget "Apple Qiuz" */;
			buildPhases = (
				26FF4BFE29DC86280013585C /* Sources */,
				26FF4BFF29DC86280013585C /* Frameworks */,
				26FF4C0029DC86280013585C /* Resources */,
			);
			buildRules = (
			);
			dependencies = (
			);
			name = "Apple Qiuz";
			productName = "Apple Qiuz";
			productReference = 26FF4C0229DC86280013585C /* Apple Qiuz.app */;
			productType = "com.apple.product-type.application";
		};
/* End PBXNativeTarget section */

/* Begin PBXProject section */
		26FF4BFA29DC86280013585C /* Project object */ = {
			isa = PBXProject;
			attributes = {
				BuildIndependentTargetsInParallel = 1;
				LastSwiftUpdateCheck = 1430;
				LastUpgradeCheck = 1430;
				TargetAttributes = {
					26FF4C0129DC86280013585C = {
						CreatedOnToolsVersion = 14.3;
					};
				};
			};
			buildConfigurationList = 26FF4BFD29DC86280013585C /* Build configuration list for PBXProject "Apple Qiuz" */;
			compatibilityVersion = "Xcode 14.0";
			developmentRegion = en;
			hasScannedForEncodings = 0;
			knownRegions = (
				en,
				Base,
			);
			mainGroup = 26FF4BF929DC86280013585C;
			productRefGroup = 26FF4C0329DC86280013585C /* Products */;
			projectDirPath = "";
			projectRoot = "";
			targets = (
				26FF4C0129DC86280013585C /* Apple Qiuz */,
			);
		};
/* End PBXProject section */

/* Begin PBXResourcesBuildPhase section */
		26FF4C0029DC86280013585C /* Resources */ = {
			isa = PBXResourcesBuildPhase;
			buildActionMask = 2147483647;
			files = (
				26FF4C0D29DC862A0013585C /* Preview Assets.xcassets in Resources */,
				26FF4C0A29DC862A0013585C /* Assets.xcassets in Resources */,
			);
			runOnlyForDeploymentPostprocessing = 0;
		};
/* End PBXResourcesBuildPhase section */

/* Begin PBXSourcesBuildPhase section */
		26FF4BFE29DC86280013585C /* Sources */ = {
			isa = PBXSourcesBuildPhase;
			buildActionMask = 2147483647;
			files = (
				26FF4C0829DC86280013585C /* ContentView.swift in Sources */,
				26FF4C1829DC872A0013585C /* FinalView.swift in Sources */,
				26FF4C1429DC86B10013585C /* QiuzView.swift in Sources */,
				26FF4C0629DC86280013585C /* Apple_QiuzApp.swift in Sources */,
				26FF4C1629DC86F40013585C /* Model.swift in Sources */,
			);
			runOnlyForDeploymentPostprocessing = 0;
		};
/* End PBXSourcesBuildPhase section */

/* Begin XCBuildConfiguration section */
		26FF4C0E29DC862A0013585C /* Debug */ = {
			isa = XCBuildConfiguration;
			buildSettings = {
				ALWAYS_SEARCH_USER_PATHS = NO;
				CLANG_ANALYZER_NONNULL = YES;
				CLANG_ANALYZER_NUMBER_OBJECT_CONVERSION = YES_AGGRESSIVE;
				CLANG_CXX_LANGUAGE_STANDARD = "gnu++20";
				CLANG_ENABLE_MODULES = YES;
				CLANG_ENABLE_OBJC_ARC = YES;
				CLANG_ENABLE_OBJC_WEAK = YES;
				CLANG_WARN_BLOCK_CAPTURE_AUTORELEASING = YES;
				CLANG_WARN_BOOL_CONVERSION = YES;
				CLANG_WARN_COMMA = YES;
				CLANG_WARN_CONSTANT_CONVERSION = YES;
				CLANG_WARN_DEPRECATED_OBJC_IMPLEMENTATIONS = YES;
				CLANG_WARN_DIRECT_OBJC_ISA_USAGE = YES_ERROR;
				CLANG_WARN_DOCUMENTATION_COMMENTS = YES;
				CLANG_WARN_EMPTY_BODY = YES;
				CLANG_WARN_ENUM_CONVERSION = YES;
				CLANG_WARN_INFINITE_RECURSION = YES;
				CLANG_WARN_INT_CONVERSION = YES;
				CLANG_WARN_NON_LITERAL_NULL_CONVERSION = YES;
				CLANG_WARN_OBJC_IMPLICIT_RETAIN_SELF = YES;
				CLANG_WARN_OBJC_LITERAL_CONVERSION = YES;
				CLANG_WARN_OBJC_ROOT_CLASS = YES_ERROR;
				CLANG_WARN_QUOTED_INCLUDE_IN_FRAMEWORK_HEADER = YES;
				CLANG_WARN_RANGE_LOOP_ANALYSIS = YES;
				CLANG_WARN_STRICT_PROTOTYPES = YES;
				CLANG_WARN_SUSPICIOUS_MOVE = YES;
				CLANG_WARN_UNGUARDED_AVAILABILITY = YES_AGGRESSIVE;
				CLANG_WARN_UNREACHABLE_CODE = YES;
				CLANG_WARN__DUPLICATE_METHOD_MATCH = YES;
				COPY_PHASE_STRIP = NO;
				DEBUG_INFORMATION_FORMAT = dwarf;
				ENABLE_STRICT_OBJC_MSGSEND = YES;
				ENABLE_TESTABILITY = YES;
				GCC_C_LANGUAGE_STANDARD = gnu11;
				GCC_DYNAMIC_NO_PIC = NO;
				GCC_NO_COMMON_BLOCKS = YES;
				GCC_OPTIMIZATION_LEVEL = 0;
				GCC_PREPROCESSOR_DEFINITIONS = (
					"DEBUG=1",
					"$(inherited)",
				);
				GCC_WARN_64_TO_32_BIT_CONVERSION = YES;
				GCC_WARN_ABOUT_RETURN_TYPE = YES_ERROR;
				GCC_WARN_UNDECLARED_SELECTOR = YES;
				GCC_WARN_UNINITIALIZED_AUTOS = YES_AGGRESSIVE;
				GCC_WARN_UNUSED_FUNCTION = YES;
				GCC_WARN_UNUSED_VARIABLE = YES;
				IPHONEOS_DEPLOYMENT_TARGET = 16.4;
				MTL_ENABLE_DEBUG_INFO = INCLUDE_SOURCE;
				MTL_FAST_MATH = YES;
				ONLY_ACTIVE_ARCH = YES;
				SDKROOT = iphoneos;
				SWIFT_ACTIVE_COMPILATION_CONDITIONS = DEBUG;
				SWIFT_OPTIMIZATION_LEVEL = "-Onone";
			};
			name = Debug;
		};
		26FF4C0F29DC862A0013585C /* Release */ = {
			isa = XCBuildConfiguration;
			buildSettings = {
				ALWAYS_SEARCH_USER_PATHS = NO;
				CLANG_ANALYZER_NONNULL = YES;
				CLANG_ANALYZER_NUMBER_OBJECT_CONVERSION = YES_AGGRESSIVE;
				CLANG_CXX_LANGUAGE_STANDARD = "gnu++20";
				CLANG_ENABLE_MODULES = YES;
				CLANG_ENABLE_OBJC_ARC = YES;
				CLANG_ENABLE_OBJC_WEAK = YES;
				CLANG_WARN_BLOCK_CAPTURE_AUTORELEASING = YES;
				CLANG_WARN_BOOL_CONVERSION = YES;
				CLANG_WARN_COMMA = YES;
				CLANG_WARN_CONSTANT_CONVERSION = YES;
				CLANG_WARN_DEPRECATED_OBJC_IMPLEMENTATIONS = YES;
				CLANG_WARN_DIRECT_OBJC_ISA_USAGE = YES_ERROR;
				CLANG_WARN_DOCUMENTATION_COMMENTS = YES;
				CLANG_WARN_EMPTY_BODY = YES;
				CLANG_WARN_ENUM_CONVERSION = YES;
				CLANG_WARN_INFINITE_RECURSION = YES;
				CLANG_WARN_INT_CONVERSION = YES;
				CLANG_WARN_NON_LITERAL_NULL_CONVERSION = YES;
				CLANG_WARN_OBJC_IMPLICIT_RETAIN_SELF = YES;
				CLANG_WARN_OBJC_LITERAL_CONVERSION = YES;
				CLANG_WARN_OBJC_ROOT_CLASS = YES_ERROR;
				CLANG_WARN_QUOTED_INCLUDE_IN_FRAMEWORK_HEADER = YES;
				CLANG_WARN_RANGE_LOOP_ANALYSIS = YES;
				CLANG_WARN_STRICT_PROTOTYPES = YES;
				CLANG_WARN_SUSPICIOUS_MOVE = YES;
				CLANG_WARN_UNGUARDED_AVAILABILITY = YES_AGGRESSIVE;
				CLANG_WARN_UNREACHABLE_CODE = YES;
				CLANG_WARN__DUPLICATE_METHOD_MATCH = YES;
				COPY_PHASE_STRIP = NO;
				DEBUG_INFORMATION_FORMAT = "dwarf-with-dsym";
				ENABLE_NS_ASSERTIONS = NO;
				ENABLE_STRICT_OBJC_MSGSEND = YES;
				GCC_C_LANGUAGE_STANDARD = gnu11;
				GCC_NO_COMMON_BLOCKS = YES;
				GCC_WARN_64_TO_32_BIT_CONVERSION = YES;
				GCC_WARN_ABOUT_RETURN_TYPE = YES_ERROR;
				GCC_WARN_UNDECLARED_SELECTOR = YES;
				GCC_WARN_UNINITIALIZED_AUTOS = YES_AGGRESSIVE;
				GCC_WARN_UNUSED_FUNCTION = YES;
				GCC_WARN_UNUSED_VARIABLE = YES;
				IPHONEOS_DEPLOYMENT_TARGET = 16.4;
				MTL_ENABLE_DEBUG_INFO = NO;
				MTL_FAST_MATH = YES;
				SDKROOT = iphoneos;
				SWIFT_COMPILATION_MODE = wholemodule;
				SWIFT_OPTIMIZATION_LEVEL = "-O";
				VALIDATE_PRODUCT = YES;
			};
			name = Release;
		};
		26FF4C1129DC862A0013585C /* Debug */ = {
			isa = XCBuildConfiguration;
			buildSettings = {
				ASSETCATALOG_COMPILER_APPICON_NAME = AppIcon;
				ASSETCATALOG_COMPILER_GLOBAL_ACCENT_COLOR_NAME = AccentColor;
				CODE_SIGN_STYLE = Automatic;
				CURRENT_PROJECT_VERSION = 1;
				DEVELOPMENT_ASSET_PATHS = "\"Apple Qiuz/Preview Content\"";
				DEVELOPMENT_TEAM = MTRFQL94MM;
				ENABLE_PREVIEWS = YES;
				GENERATE_INFOPLIST_FILE = YES;
				INFOPLIST_KEY_UIApplicationSceneManifest_Generation = YES;
				INFOPLIST_KEY_UIApplicationSupportsIndirectInputEvents = YES;
				INFOPLIST_KEY_UILaunchScreen_Generation = YES;
				INFOPLIST_KEY_UISupportedInterfaceOrientations_iPad = "UIInterfaceOrientationPortrait UIInterfaceOrientationPortraitUpsideDown UIInterfaceOrientationLandscapeLeft UIInterfaceOrientationLandscapeRight";
				INFOPLIST_KEY_UISupportedInterfaceOrientations_iPhone = "UIInterfaceOrientationPortrait UIInterfaceOrientationLandscapeLeft UIInterfaceOrientationLandscapeRight";
				IPHONEOS_DEPLOYMENT_TARGET = 16.4;
				LD_RUNPATH_SEARCH_PATHS = (
					"$(inherited)",
					"@executable_path/Frameworks",
				);
				MARKETING_VERSION = 1.0;
				PRODUCT_BUNDLE_IDENTIFIER = "com.aleksejShapran.Apple-Qiuz";
				PRODUCT_NAME = "$(TARGET_NAME)";
				SWIFT_EMIT_LOC_STRINGS = YES;
				SWIFT_VERSION = 5.0;
				TARGETED_DEVICE_FAMILY = "1,2";
			};
			name = Debug;
		};
		26FF4C1229DC862A0013585C /* Release */ = {
			isa = XCBuildConfiguration;
			buildSettings = {
				ASSETCATALOG_COMPILER_APPICON_NAME = AppIcon;
				ASSETCATALOG_COMPILER_GLOBAL_ACCENT_COLOR_NAME = AccentColor;
				CODE_SIGN_STYLE = Automatic;
				CURRENT_PROJECT_VERSION = 1;
				DEVELOPMENT_ASSET_PATHS = "\"Apple Qiuz/Preview Content\"";
				DEVELOPMENT_TEAM = MTRFQL94MM;
				ENABLE_PREVIEWS = YES;
				GENERATE_INFOPLIST_FILE = YES;
				INFOPLIST_KEY_UIApplicationSceneManifest_Generation = YES;
				INFOPLIST_KEY_UIApplicationSupportsIndirectInputEvents = YES;
				INFOPLIST_KEY_UILaunchScreen_Generation = YES;
				INFOPLIST_KEY_UISupportedInterfaceOrientations_iPad = "UIInterfaceOrientationPortrait UIInterfaceOrientationPortraitUpsideDown UIInterfaceOrientationLandscapeLeft UIInterfaceOrientationLandscapeRight";
				INFOPLIST_KEY_UISupportedInterfaceOrientations_iPhone = "UIInterfaceOrientationPortrait UIInterfaceOrientationLandscapeLeft UIInterfaceOrientationLandscapeRight";
				IPHONEOS_DEPLOYMENT_TARGET = 16.4;
				LD_RUNPATH_SEARCH_PATHS = (
					"$(inherited)",
					"@executable_path/Frameworks",
				);
				MARKETING_VERSION = 1.0;
				PRODUCT_BUNDLE_IDENTIFIER = "com.aleksejShapran.Apple-Qiuz";
				PRODUCT_NAME = "$(TARGET_NAME)";
				SWIFT_EMIT_LOC_STRINGS = YES;
				SWIFT_VERSION = 5.0;
				TARGETED_DEVICE_FAMILY = "1,2";
			};
			name = Release;
		};
/* End XCBuildConfiguration section */

/* Begin XCConfigurationList section */
		26FF4BFD29DC86280013585C /* Build configuration list for PBXProject "Apple Qiuz" */ = {
			isa = XCConfigurationList;
			buildConfigurations = (
				26FF4C0E29DC862A0013585C /* Debug */,
				26FF4C0F29DC862A0013585C /* Release */,
			);
			defaultConfigurationIsVisible = 0;
			defaultConfigurationName = Release;
		};
		26FF4C1029DC862A0013585C /* Build configuration list for PBXNativeTarget "Apple Qiuz" */ = {
			isa = XCConfigurationList;
			buildConfigurations = (
				26FF4C1129DC862A0013585C /* Debug */,
				26FF4C1229DC862A0013585C /* Release */,
			);
			defaultConfigurationIsVisible = 0;
			defaultConfigurationName = Release;
		};
/* End XCConfigurationList section */
	};
	rootObject = 26FF4BFA29DC86280013585C /* Project object */;
}
